
Microsoft Visual Studio Solution File, Format Version 12.00
# Visual Studio Version 16
VisualStudioVersion = 16.0.30804.86
MinimumVisualStudioVersion = 10.0.40219.1
Project("{FAE04EC0-301F-11D3-BF4B-00C04F79EFBC}") = "vtysFinalProje", "vtysFinalProje\vtysFinalProje.csproj", "{B69723E7-0960-4289-80EE-145B051785B7}"
EndProject
Global
	GlobalSection(SolutionConfigurationPlatforms) = preSolution
		Debug|Any CPU = Debug|Any CPU
		Release|Any CPU = Release|Any CPU
	EndGlobalSection
	GlobalSection(ProjectConfigurationPlatforms) = postSolution
		{B69723E7-0960-4289-80EE-145B051785B7}.Debug|Any CPU.ActiveCfg = Debug|Any CPU
		{B69723E7-0960-4289-80EE-145B051785B7}.Debug|Any CPU.Build.0 = Debug|Any CPU
		{B69723E7-0960-4289-80EE-145B051785B7}.Release|Any CPU.ActiveCfg = Release|Any CPU
		{B69723E7-0960-4289-80EE-145B051785B7}.Release|Any CPU.Build.0 = Release|Any CPU
	EndGlobalSection
	GlobalSection(SolutionProperties) = preSolution
		HideSolutionNode = FALSE
	EndGlobalSection
	GlobalSection(ExtensibilityGlobals) = postSolution
		SolutionGuid = {DF9C5815-6638-465F-9AD9-5E76028EC975}
	EndGlobalSection
EndGlobal
